
Microsoft Visual Studio Solution File, Format Version 12.00
# Visual Studio Version 16
VisualStudioVersion = 16.0.30503.244
MinimumVisualStudioVersion = 10.0.40219.1
Project("{FAE04EC0-301F-11D3-BF4B-00C04F79EFBC}") = "Hybird_operation", "Hybird_operation.csproj", "{26944DBE-1E0E-4361-8A1D-E3F15ABA79E5}"
EndProject
Global
	GlobalSection(SolutionConfigurationPlatforms) = preSolution
		Debug|Any CPU = Debug|Any CPU
		Release|Any CPU = Release|Any CPU
	EndGlobalSection
	GlobalSection(ProjectConfigurationPlatforms) = postSolution
		{26944DBE-1E0E-4361-8A1D-E3F15ABA79E5}.Debug|Any CPU.ActiveCfg = Debug|Any CPU
		{26944DBE-1E0E-4361-8A1D-E3F15ABA79E5}.Debug|Any CPU.Build.0 = Debug|Any CPU
		{26944DBE-1E0E-4361-8A1D-E3F15ABA79E5}.Release|Any CPU.ActiveCfg = Release|Any CPU
		{26944DBE-1E0E-4361-8A1D-E3F15ABA79E5}.Release|Any CPU.Build.0 = Release|Any CPU
	EndGlobalSection
	GlobalSection(SolutionProperties) = preSolution
		HideSolutionNode = FALSE
	EndGlobalSection
	GlobalSection(ExtensibilityGlobals) = postSolution
		SolutionGuid = {EC51029C-30C9-4DB4-ABD9-8A5A5C7AEF15}
	EndGlobalSection
EndGlobal
